PODS:
  - AFNetworking (2.0.0):
    - AFNetworking/NSURLConnection
    - AFNetworking/NSURLSession
    - AFNetworking/Reachability
    - AFNetworking/Security
    - AFNetworking/Serialization
    - AFNetworking/UIKit
  - AFNetworking/NSURLConnection (2.0.0):
    - AFNetworking/Reachability
    - AFNetworking/Security
    - AFNetworking/Serialization
  - AFNetworking/Reachability (2.0.0)
  - AFNetworking/Security (2.0.0)
  - AFNetworking/Serialization (2.0.0)
  - AFNetworking/UIKit (2.0.0):
    - AFNetworking/NSURLConnection
  - MWFeedParser/NSString+HTML (1.0.0)
  - Reachability (3.0.0)

DEPENDENCIES:
  - AFNetworking (= 2.0)
  - MWFeedParser/NSString+HTML (~> 1.0)
  - Reachability (= 3.0)

SPEC CHECKSUMS:
  AFNetworking: 3fa983b1beaba69566a3374612511e2a6e3fe845
  MWFeedParser: eb4fbf12677a1b3d936fdd122f88866b528aca3e
  Reachability: 500bd76bf6cd8ff2c6fb715fc5f44ef6e4c024f2

COCOAPODS: 0.29.0
